# This file is generated by running "yarn install" inside your project.
# Manual changes might be lost - proceed with caution!

__metadata:
  version: 8
  cacheKey: 10c0

"@babel/runtime@npm:^7.24.4":
  version: 7.24.4
  resolution: "@babel/runtime@npm:7.24.4"
  dependencies:
    regenerator-runtime: "npm:^0.14.0"
  checksum: 10c0/785aff96a3aa8ff97f90958e1e8a7b1d47f793b204b47c6455eaadc3f694f48c97cd5c0a921fe3596d818e71f18106610a164fb0f1c71fd68c622a58269d537c
  languageName: node
  linkType: hard

"chalk@npm:^5.3.0":
  version: 5.3.0
  resolution: "chalk@npm:5.3.0"
  checksum: 10c0/8297d436b2c0f95801103ff2ef67268d362021b8210daf8ddbe349695333eb3610a71122172ff3b0272f1ef2cf7cc2c41fdaa4715f52e49ffe04c56340feed09
  languageName: node
  linkType: hard

"cli-table@npm:^0.3.11":
  version: 0.3.11
  resolution: "cli-table@npm:0.3.11"
  dependencies:
    colors: "npm:1.0.3"
  checksum: 10c0/6e31da4e19e942bf01749ff78d7988b01e0101955ce2b1e413eecdc115d4bb9271396464761491256a7d3feeedb5f37ae505f4314c4f8044b5d0f4b579c18f29
  languageName: node
  linkType: hard

"colors@npm:1.0.3":
  version: 1.0.3
  resolution: "colors@npm:1.0.3"
  checksum: 10c0/f9e40dd8b3e1a65378a7ced3fced15ddfd60aaf38e99a7521a7fdb25056b15e092f651cd0f5aa1e9b04fa8ce3616d094e07fc6c2bb261e24098db1ddd3d09a1d
  languageName: node
  linkType: hard

"complex.js@npm:^2.1.1":
  version: 2.1.1
  resolution: "complex.js@npm:2.1.1"
  checksum: 10c0/c5dbb83954b472cf7fb1aebf8d140a7eb85a00b73eeb2b4ee4d192f98f038f3800f54550747b85be1114fedcbefebb2ade709b17b3cd40ab2bd546cb8fe9121c
  languageName: node
  linkType: hard

"csv-stringify@npm:^6.4.6":
  version: 6.4.6
  resolution: "csv-stringify@npm:6.4.6"
  checksum: 10c0/df23b1ff125a6b8634a5b1878b6255e6a666391c4e904b0105e5f23a0bfe1b1abe27cf6c7d8ea923557226b25d93b2b4ae1202fa6b0c17d3bcb0397e9078ff83
  languageName: node
  linkType: hard

"decimal.js@npm:^10.4.3":
  version: 10.4.3
  resolution: "decimal.js@npm:10.4.3"
  checksum: 10c0/6d60206689ff0911f0ce968d40f163304a6c1bc739927758e6efc7921cfa630130388966f16bf6ef6b838cb33679fbe8e7a78a2f3c478afce841fd55ac8fb8ee
  languageName: node
  linkType: hard

"escape-latex@npm:^1.2.0":
  version: 1.2.0
  resolution: "escape-latex@npm:1.2.0"
  checksum: 10c0/b77ea1594a38625295793a61105222c283c1792d1b2511bbfd6338cf02cc427dcabce7e7c1e22ec2f5c40baf3eaf2eeaf229a62dbbb74c6e69bb4a4209f2544f
  languageName: node
  linkType: hard

"fraction.js@npm:4.3.4":
  version: 4.3.4
  resolution: "fraction.js@npm:4.3.4"
  checksum: 10c0/095f60a914637b996ee1a4758edd529bee7379aecd528d3cf641402ec1225c3146ec2b4a8575d58aa48600c5ee79dcc9e7dd799076acff4cfdeed8e73541cdf1
  languageName: node
  linkType: hard

"fs-extra@npm:^11.2.0":
  version: 11.2.0
  resolution: "fs-extra@npm:11.2.0"
  dependencies:
    graceful-fs: "npm:^4.2.0"
    jsonfile: "npm:^6.0.1"
    universalify: "npm:^2.0.0"
  checksum: 10c0/d77a9a9efe60532d2e790e938c81a02c1b24904ef7a3efb3990b835514465ba720e99a6ea56fd5e2db53b4695319b644d76d5a0e9988a2beef80aa7b1da63398
  languageName: node
  linkType: hard

"graceful-fs@npm:^4.1.6, graceful-fs@npm:^4.2.0":
  version: 4.2.11
  resolution: "graceful-fs@npm:4.2.11"
  checksum: 10c0/386d011a553e02bc594ac2ca0bd6d9e4c22d7fa8cfbfc448a6d148c59ea881b092db9dbe3547ae4b88e55f1b01f7c4a2ecc53b310c042793e63aa44cf6c257f2
  languageName: node
  linkType: hard

"inherits@npm:2.0.3":
  version: 2.0.3
  resolution: "inherits@npm:2.0.3"
  checksum: 10c0/6e56402373149ea076a434072671f9982f5fad030c7662be0332122fe6c0fa490acb3cc1010d90b6eff8d640b1167d77674add52dfd1bb85d545cf29e80e73e7
  languageName: node
  linkType: hard

"javascript-natural-sort@npm:^0.7.1":
  version: 0.7.1
  resolution: "javascript-natural-sort@npm:0.7.1"
  checksum: 10c0/340f8ffc5d30fb516e06dc540e8fa9e0b93c865cf49d791fed3eac3bdc5fc71f0066fc81d44ec1433edc87caecaf9f13eec4a1fce8c5beafc709a71eaedae6fe
  languageName: node
  linkType: hard

"jsonfile@npm:^6.0.1":
  version: 6.1.0
  resolution: "jsonfile@npm:6.1.0"
  dependencies:
    graceful-fs: "npm:^4.1.6"
    universalify: "npm:^2.0.0"
  dependenciesMeta:
    graceful-fs:
      optional: true
  checksum: 10c0/4f95b5e8a5622b1e9e8f33c96b7ef3158122f595998114d1e7f03985649ea99cb3cd99ce1ed1831ae94c8c8543ab45ebd044207612f31a56fd08462140e46865
  languageName: node
  linkType: hard

"markdown-table@npm:^3.0.3":
  version: 3.0.3
  resolution: "markdown-table@npm:3.0.3"
  checksum: 10c0/47433a3f31e4637a184e38e873ab1d2fadfb0106a683d466fec329e99a2d8dfa09f091fa42202c6f13ec94aef0199f449a684b28042c636f2edbc1b7e1811dcd
  languageName: node
  linkType: hard

"mathjs@npm:^12.4.2":
  version: 12.4.2
  resolution: "mathjs@npm:12.4.2"
  dependencies:
    "@babel/runtime": "npm:^7.24.4"
    complex.js: "npm:^2.1.1"
    decimal.js: "npm:^10.4.3"
    escape-latex: "npm:^1.2.0"
    fraction.js: "npm:4.3.4"
    javascript-natural-sort: "npm:^0.7.1"
    seedrandom: "npm:^3.0.5"
    tiny-emitter: "npm:^2.1.0"
    typed-function: "npm:^4.1.1"
  bin:
    mathjs: bin/cli.js
  checksum: 10c0/78a8e2897bd50cfbfcabd34b3fc51ab3bde6205493fbf3a390784b69399fbc8ec46df6696c798dda780c848fd6363068d6ba414092eeaf0cc1b1bec6984d735b
  languageName: node
  linkType: hard

"n-readlines@npm:1.0.1":
  version: 1.0.1
  resolution: "n-readlines@npm:1.0.1"
  checksum: 10c0/a2ba1c74e365ac5b8b2dde03301ddcb193c81edb0d3691dd71b3d9a1c71b3dde30b86c32483578efbc3161d295b272123668de11533b02a99bd93704d637f83e
  languageName: node
  linkType: hard

"path@npm:^0.12.7":
  version: 0.12.7
  resolution: "path@npm:0.12.7"
  dependencies:
    process: "npm:^0.11.1"
    util: "npm:^0.10.3"
  checksum: 10c0/f795ce5438a988a590c7b6dfd450ec9baa1c391a8be4c2dea48baa6e0f5b199e56cd83b8c9ebf3991b81bea58236d2c32bdafe2c17a2e70c3a2e4c69891ade59
  languageName: node
  linkType: hard

"process@npm:^0.11.1":
  version: 0.11.10
  resolution: "process@npm:0.11.10"
  checksum: 10c0/40c3ce4b7e6d4b8c3355479df77aeed46f81b279818ccdc500124e6a5ab882c0cc81ff7ea16384873a95a74c4570b01b120f287abbdd4c877931460eca6084b3
  languageName: node
  linkType: hard

"readline-sync@npm:^1.4.10":
  version: 1.4.10
  resolution: "readline-sync@npm:1.4.10"
  checksum: 10c0/0a4d0fe4ad501f8f005a3c9cbf3cc0ae6ca2ced93e9a1c7c46f226bdfcb6ef5d3f437ae7e9d2e1098ee13524a3739c830e4c8dbc7f543a693eecd293e41093a3
  languageName: node
  linkType: hard

"regenerator-runtime@npm:^0.14.0":
  version: 0.14.1
  resolution: "regenerator-runtime@npm:0.14.1"
  checksum: 10c0/1b16eb2c4bceb1665c89de70dcb64126a22bc8eb958feef3cd68fe11ac6d2a4899b5cd1b80b0774c7c03591dc57d16631a7f69d2daa2ec98100e2f29f7ec4cc4
  languageName: node
  linkType: hard

"sbfl_implementation@workspace:.":
  version: 0.0.0-use.local
  resolution: "sbfl_implementation@workspace:."
  dependencies:
    chalk: "npm:^5.3.0"
    cli-table: "npm:^0.3.11"
    csv-stringify: "npm:^6.4.6"
    fs-extra: "npm:^11.2.0"
    markdown-table: "npm:^3.0.3"
    mathjs: "npm:^12.4.2"
    n-readlines: "npm:1.0.1"
    path: "npm:^0.12.7"
    readline-sync: "npm:^1.4.10"
  languageName: unknown
  linkType: soft

"seedrandom@npm:^3.0.5":
  version: 3.0.5
  resolution: "seedrandom@npm:3.0.5"
  checksum: 10c0/929752ac098ff4990b3f8e0ac39136534916e72879d6eb625230141d20db26e2f44c4d03d153d457682e8cbaab0fb7d58a1e7267a157cf23fd8cf34e25044e88
  languageName: node
  linkType: hard

"tiny-emitter@npm:^2.1.0":
  version: 2.1.0
  resolution: "tiny-emitter@npm:2.1.0"
  checksum: 10c0/459c0bd6e636e80909898220eb390e1cba2b15c430b7b06cec6ac29d87acd29ef618b9b32532283af749f5d37af3534d0e3bde29fdf6bcefbf122784333c953d
  languageName: node
  linkType: hard

"typed-function@npm:^4.1.1":
  version: 4.1.1
  resolution: "typed-function@npm:4.1.1"
  checksum: 10c0/139bf8c4a28333fb4c643ff28c5b38bfa6a01aa46b76235938e1dba63121140fbaddef1bba6b98f3941eec01eb9dacbc37de6705b2259664f5e1943c888812e2
  languageName: node
  linkType: hard

"universalify@npm:^2.0.0":
  version: 2.0.1
  resolution: "universalify@npm:2.0.1"
  checksum: 10c0/73e8ee3809041ca8b818efb141801a1004e3fc0002727f1531f4de613ea281b494a40909596dae4a042a4fb6cd385af5d4db2e137b1362e0e91384b828effd3a
  languageName: node
  linkType: hard

"util@npm:^0.10.3":
  version: 0.10.4
  resolution: "util@npm:0.10.4"
  dependencies:
    inherits: "npm:2.0.3"
  checksum: 10c0/d29f6893e406b63b088ce9924da03201df89b31490d4d011f1c07a386ea4b3dbe907464c274023c237da470258e1805d806c7e4009a5974cd6b1d474b675852a
  languageName: node
  linkType: hard
